# Human-reviewed compatibility matrix. This file is not a package-manager lock.
# Exact component, protocol, model, and image versions are added only after validation.

schema_version = 1
reviewed_at = "2026-08-11"

[application]
workspace = "0.1.0"
http_api = "0.1.0"
database_revision = "0001_initial_platform"
workflow_contract = "unversioned-prototype"

[domain]
governed_execution_contract = 1
candidate_deployment_contract = 1

[runtime]
python = ">=3.12,<3.14"
node = ">=22"

[protocols]
cloudevents = "1.0"
mcp = "2026-07-28"
a2a = "1.0"

[policy]
allow_unpinned_production_images = false
allow_unreviewed_model_routes = false
